// !$*UTF8*$!
{
	archiveVersion = 1;
	classes = {
	};
	objectVersion = 56;
	objects = {

/* Begin PBXBuildFile section */
		3A20B10329EFDBC800989B04 /* AppDelegate.swift in Sources */ = {isa = PBXBuildFile; fileRef = 3A20B10229EFDBC800989B04 /* AppDelegate.swift */; };
		3A20B10529EFDBC800989B04 /* SceneDelegate.swift in Sources */ = {isa = PBXBuildFile; fileRef = 3A20B10429EFDBC800989B04 /* SceneDelegate.swift */; };
		3A20B10729EFDBC800989B04 /* AddServicesController.swift in Sources */ = {isa = PBXBuildFile; fileRef = 3A20B10629EFDBC800989B04 /* AddServicesController.swift */; };
		3A20B10C29EFDBC900989B04 /* Assets.xcassets in Resources */ = {isa = PBXBuildFile; fileRef = 3A20B10B29EFDBC900989B04 /* Assets.xcassets */; };
		3A20B10F29EFDBC900989B04 /* LaunchScreen.storyboard in Resources */ = {isa = PBXBuildFile; fileRef = 3A20B10D29EFDBC900989B04 /* LaunchScreen.storyboard */; };
		3A20B11829EFDE2A00989B04 /* data.json in Resources */ = {isa = PBXBuildFile; fileRef = 3A20B11729EFDE2A00989B04 /* data.json */; };
		3A20B11B29EFDEBC00989B04 /* NetworkManager.swift in Sources */ = {isa = PBXBuildFile; fileRef = 3A20B11A29EFDEBC00989B04 /* NetworkManager.swift */; };
		3A20B11E29EFE44800989B04 /* Model.swift in Sources */ = {isa = PBXBuildFile; fileRef = 3A20B11D29EFE44800989B04 /* Model.swift */; };
		3A20B12229EFF47700989B04 /* AddServicesViewModel.swift in Sources */ = {isa = PBXBuildFile; fileRef = 3A20B12129EFF47700989B04 /* AddServicesViewModel.swift */; };
		3A20B12429EFF62B00989B04 /* AddServicesCoordinator.swift in Sources */ = {isa = PBXBuildFile; fileRef = 3A20B12329EFF62B00989B04 /* AddServicesCoordinator.swift */; };
		3A20B12729EFF79A00989B04 /* TextPicker.swift in Sources */ = {isa = PBXBuildFile; fileRef = 3A20B12629EFF79A00989B04 /* TextPicker.swift */; };
		3A20B12A29EFFA3C00989B04 /* AddServiceCell.swift in Sources */ = {isa = PBXBuildFile; fileRef = 3A20B12929EFFA3C00989B04 /* AddServiceCell.swift */; };
		3A20B12C29F1204A00989B04 /* Delay.swift in Sources */ = {isa = PBXBuildFile; fileRef = 3A20B12B29F1204A00989B04 /* Delay.swift */; };
/* End PBXBuildFile section */

/* Begin PBXFileReference section */
		3A20B0FF29EFDBC800989B04 /* AvitoTechTestTask.app */ = {isa = PBXFileReference; explicitFileType = wrapper.application; includeInIndex = 0; path = AvitoTechTestTask.app; sourceTree = BUILT_PRODUCTS_DIR; };
		3A20B10229EFDBC800989B04 /* AppDelegate.swift */ = {isa = PBXFileReference; lastKnownFileType = sourcecode.swift; path = AppDelegate.swift; sourceTree = "<group>"; };
		3A20B10429EFDBC800989B04 /* SceneDelegate.swift */ = {isa = PBXFileReference; lastKnownFileType = sourcecode.swift; path = SceneDelegate.swift; sourceTree = "<group>"; };
		3A20B10629EFDBC800989B04 /* AddServicesController.swift */ = {isa = PBXFileReference; lastKnownFileType = sourcecode.swift; path = AddServicesController.swift; sourceTree = "<group>"; };
		3A20B10B29EFDBC900989B04 /* Assets.xcassets */ = {isa = PBXFileReference; lastKnownFileType = folder.assetcatalog; path = Assets.xcassets; sourceTree = "<group>"; };
		3A20B10E29EFDBC900989B04 /* Base */ = {isa = PBXFileReference; lastKnownFileType = file.storyboard; name = Base; path = Base.lproj/LaunchScreen.storyboard; sourceTree = "<group>"; };
		3A20B11029EFDBC900989B04 /* Info.plist */ = {isa = PBXFileReference; lastKnownFileType = text.plist.xml; path = Info.plist; sourceTree = "<group>"; };
		3A20B11729EFDE2A00989B04 /* data.json */ = {isa = PBXFileReference; fileEncoding = 4; lastKnownFileType = text.json; path = data.json; sourceTree = "<group>"; };
		3A20B11A29EFDEBC00989B04 /* NetworkManager.swift */ = {isa = PBXFileReference; fileEncoding = 4; lastKnownFileType = sourcecode.swift; path = NetworkManager.swift; sourceTree = "<group>"; };
		3A20B11D29EFE44800989B04 /* Model.swift */ = {isa = PBXFileReference; lastKnownFileType = sourcecode.swift; path = Model.swift; sourceTree = "<group>"; };
		3A20B12129EFF47700989B04 /* AddServicesViewModel.swift */ = {isa = PBXFileReference; lastKnownFileType = sourcecode.swift; path = AddServicesViewModel.swift; sourceTree = "<group>"; };
		3A20B12329EFF62B00989B04 /* AddServicesCoordinator.swift */ = {isa = PBXFileReference; lastKnownFileType = sourcecode.swift; path = AddServicesCoordinator.swift; sourceTree = "<group>"; };
		3A20B12629EFF79A00989B04 /* TextPicker.swift */ = {isa = PBXFileReference; fileEncoding = 4; lastKnownFileType = sourcecode.swift; path = TextPicker.swift; sourceTree = "<group>"; };
		3A20B12929EFFA3C00989B04 /* AddServiceCell.swift */ = {isa = PBXFileReference; fileEncoding = 4; lastKnownFileType = sourcecode.swift; path = AddServiceCell.swift; sourceTree = "<group>"; };
		3A20B12B29F1204A00989B04 /* Delay.swift */ = {isa = PBXFileReference; fileEncoding = 4; lastKnownFileType = sourcecode.swift; path = Delay.swift; sourceTree = "<group>"; };
/* End PBXFileReference section */

/* Begin PBXFrameworksBuildPhase section */
		3A20B0FC29EFDBC800989B04 /* Frameworks */ = {
			isa = PBXFrameworksBuildPhase;
			buildActionMask = 2147483647;
			files = (
			);
			runOnlyForDeploymentPostprocessing = 0;
		};
/* End PBXFrameworksBuildPhase section */

/* Begin PBXGroup section */
		3A20B0F629EFDBC800989B04 = {
			isa = PBXGroup;
			children = (
				3A20B12029EFF3DD00989B04 /* Screens */,
				3A20B11C29EFE39E00989B04 /* Servises */,
				3A20B12529EFF78B00989B04 /* Helpers */,
				3A20B11929EFDEB100989B04 /* Model */,
				3A20B11629EFDDA600989B04 /* Resources */,
				3A20B10129EFDBC800989B04 /* AvitoTechTestTask */,
				3A20B10029EFDBC800989B04 /* Products */,
			);
			sourceTree = "<group>";
		};
		3A20B10029EFDBC800989B04 /* Products */ = {
			isa = PBXGroup;
			children = (
				3A20B0FF29EFDBC800989B04 /* AvitoTechTestTask.app */,
			);
			name = Products;
			sourceTree = "<group>";
		};
		3A20B10129EFDBC800989B04 /* AvitoTechTestTask */ = {
			isa = PBXGroup;
			children = (
				3A20B10229EFDBC800989B04 /* AppDelegate.swift */,
				3A20B10429EFDBC800989B04 /* SceneDelegate.swift */,
				3A20B10B29EFDBC900989B04 /* Assets.xcassets */,
				3A20B10D29EFDBC900989B04 /* LaunchScreen.storyboard */,
				3A20B11029EFDBC900989B04 /* Info.plist */,
			);
			path = AvitoTechTestTask;
			sourceTree = "<group>";
		};
		3A20B11629EFDDA600989B04 /* Resources */ = {
			isa = PBXGroup;
			children = (
				3A20B11729EFDE2A00989B04 /* data.json */,
			);
			path = Resources;
			sourceTree = "<group>";
		};
		3A20B11929EFDEB100989B04 /* Model */ = {
			isa = PBXGroup;
			children = (
				3A20B11D29EFE44800989B04 /* Model.swift */,
			);
			path = Model;
			sourceTree = "<group>";
		};
		3A20B11C29EFE39E00989B04 /* Servises */ = {
			isa = PBXGroup;
			children = (
				3A20B11A29EFDEBC00989B04 /* NetworkManager.swift */,
			);
			path = Servises;
			sourceTree = "<group>";
		};
		3A20B11F29EFF3C700989B04 /* AddServices */ = {
			isa = PBXGroup;
			children = (
				3A20B12829EFFA0700989B04 /* Cells */,
				3A20B10629EFDBC800989B04 /* AddServicesController.swift */,
				3A20B12129EFF47700989B04 /* AddServicesViewModel.swift */,
				3A20B12329EFF62B00989B04 /* AddServicesCoordinator.swift */,
			);
			path = AddServices;
			sourceTree = "<group>";
		};
		3A20B12029EFF3DD00989B04 /* Screens */ = {
			isa = PBXGroup;
			children = (
				3A20B11F29EFF3C700989B04 /* AddServices */,
			);
			path = Screens;
			sourceTree = "<group>";
		};
		3A20B12529EFF78B00989B04 /* Helpers */ = {
			isa = PBXGroup;
			children = (
				3A20B12629EFF79A00989B04 /* TextPicker.swift */,
				3A20B12B29F1204A00989B04 /* Delay.swift */,
			);
			path = Helpers;
			sourceTree = "<group>";
		};
		3A20B12829EFFA0700989B04 /* Cells */ = {
			isa = PBXGroup;
			children = (
				3A20B12929EFFA3C00989B04 /* AddServiceCell.swift */,
			);
			path = Cells;
			sourceTree = "<group>";
		};
/* End PBXGroup section */

/* Begin PBXNativeTarget section */
		3A20B0FE29EFDBC800989B04 /* AvitoTechTestTask */ = {
			isa = PBXNativeTarget;
			buildConfigurationList = 3A20B11329EFDBC900989B04 /* Build configuration list for PBXNativeTarget "AvitoTechTestTask" */;
			buildPhases = (
				3A20B0FB29EFDBC800989B04 /* Sources */,
				3A20B0FC29EFDBC800989B04 /* Frameworks */,
				3A20B0FD29EFDBC800989B04 /* Resources */,
			);
			buildRules = (
			);
			dependencies = (
			);
			name = AvitoTechTestTask;
			productName = AvitoTechTestTask;
			productReference = 3A20B0FF29EFDBC800989B04 /* AvitoTechTestTask.app */;
			productType = "com.apple.product-type.application";
		};
/* End PBXNativeTarget section */

/* Begin PBXProject section */
		3A20B0F729EFDBC800989B04 /* Project object */ = {
			isa = PBXProject;
			attributes = {
				BuildIndependentTargetsInParallel = 1;
				LastSwiftUpdateCheck = 1420;
				LastUpgradeCheck = 1420;
				TargetAttributes = {
					3A20B0FE29EFDBC800989B04 = {
						CreatedOnToolsVersion = 14.2;
					};
				};
			};
			buildConfigurationList = 3A20B0FA29EFDBC800989B04 /* Build configuration list for PBXProject "AvitoTechTestTask" */;
			compatibilityVersion = "Xcode 14.0";
			developmentRegion = en;
			hasScannedForEncodings = 0;
			knownRegions = (
				en,
				Base,
			);
			mainGroup = 3A20B0F629EFDBC800989B04;
			productRefGroup = 3A20B10029EFDBC800989B04 /* Products */;
			projectDirPath = "";
			projectRoot = "";
			targets = (
				3A20B0FE29EFDBC800989B04 /* AvitoTechTestTask */,
			);
		};
/* End PBXProject section */

/* Begin PBXResourcesBuildPhase section */
		3A20B0FD29EFDBC800989B04 /* Resources */ = {
			isa = PBXResourcesBuildPhase;
			buildActionMask = 2147483647;
			files = (
				3A20B10F29EFDBC900989B04 /* LaunchScreen.storyboard in Resources */,
				3A20B10C29EFDBC900989B04 /* Assets.xcassets in Resources */,
				3A20B11829EFDE2A00989B04 /* data.json in Resources */,
			);
			runOnlyForDeploymentPostprocessing = 0;
		};
/* End PBXResourcesBuildPhase section */

/* Begin PBXSourcesBuildPhase section */
		3A20B0FB29EFDBC800989B04 /* Sources */ = {
			isa = PBXSourcesBuildPhase;
			buildActionMask = 2147483647;
			files = (
				3A20B11E29EFE44800989B04 /* Model.swift in Sources */,
				3A20B10729EFDBC800989B04 /* AddServicesController.swift in Sources */,
				3A20B11B29EFDEBC00989B04 /* NetworkManager.swift in Sources */,
				3A20B10329EFDBC800989B04 /* AppDelegate.swift in Sources */,
				3A20B12429EFF62B00989B04 /* AddServicesCoordinator.swift in Sources */,
				3A20B12229EFF47700989B04 /* AddServicesViewModel.swift in Sources */,
				3A20B12A29EFFA3C00989B04 /* AddServiceCell.swift in Sources */,
				3A20B12729EFF79A00989B04 /* TextPicker.swift in Sources */,
				3A20B10529EFDBC800989B04 /* SceneDelegate.swift in Sources */,
				3A20B12C29F1204A00989B04 /* Delay.swift in Sources */,
			);
			runOnlyForDeploymentPostprocessing = 0;
		};
/* End PBXSourcesBuildPhase section */

/* Begin PBXVariantGroup section */
		3A20B10D29EFDBC900989B04 /* LaunchScreen.storyboard */ = {
			isa = PBXVariantGroup;
			children = (
				3A20B10E29EFDBC900989B04 /* Base */,
			);
			name = LaunchScreen.storyboard;
			sourceTree = "<group>";
		};
/* End PBXVariantGroup section */

/* Begin XCBuildConfiguration section */
		3A20B11129EFDBC900989B04 /* Debug */ = {
			isa = XCBuildConfiguration;
			buildSettings = {
				ALWAYS_SEARCH_USER_PATHS = NO;
				CLANG_ANALYZER_NONNULL = YES;
				CLANG_ANALYZER_NUMBER_OBJECT_CONVERSION = YES_AGGRESSIVE;
				CLANG_CXX_LANGUAGE_STANDARD = "gnu++20";
				CLANG_ENABLE_MODULES = YES;
				CLANG_ENABLE_OBJC_ARC = YES;
				CLANG_ENABLE_OBJC_WEAK = YES;
				CLANG_WARN_BLOCK_CAPTURE_AUTORELEASING = YES;
				CLANG_WARN_BOOL_CONVERSION = YES;
				CLANG_WARN_COMMA = YES;
				CLANG_WARN_CONSTANT_CONVERSION = YES;
				CLANG_WARN_DEPRECATED_OBJC_IMPLEMENTATIONS = YES;
				CLANG_WARN_DIRECT_OBJC_ISA_USAGE = YES_ERROR;
				CLANG_WARN_DOCUMENTATION_COMMENTS = YES;
				CLANG_WARN_EMPTY_BODY = YES;
				CLANG_WARN_ENUM_CONVERSION = YES;
				CLANG_WARN_INFINITE_RECURSION = YES;
				CLANG_WARN_INT_CONVERSION = YES;
				CLANG_WARN_NON_LITERAL_NULL_CONVERSION = YES;
				CLANG_WARN_OBJC_IMPLICIT_RETAIN_SELF = YES;
				CLANG_WARN_OBJC_LITERAL_CONVERSION = YES;
				CLANG_WARN_OBJC_ROOT_CLASS = YES_ERROR;
				CLANG_WARN_QUOTED_INCLUDE_IN_FRAMEWORK_HEADER = YES;
				CLANG_WARN_RANGE_LOOP_ANALYSIS = YES;
				CLANG_WARN_STRICT_PROTOTYPES = YES;
				CLANG_WARN_SUSPICIOUS_MOVE = YES;
				CLANG_WARN_UNGUARDED_AVAILABILITY = YES_AGGRESSIVE;
				CLANG_WARN_UNREACHABLE_CODE = YES;
				CLANG_WARN__DUPLICATE_METHOD_MATCH = YES;
				COPY_PHASE_STRIP = NO;
				DEBUG_INFORMATION_FORMAT = dwarf;
				ENABLE_STRICT_OBJC_MSGSEND = YES;
				ENABLE_TESTABILITY = YES;
				GCC_C_LANGUAGE_STANDARD = gnu11;
				GCC_DYNAMIC_NO_PIC = NO;
				GCC_NO_COMMON_BLOCKS = YES;
				GCC_OPTIMIZATION_LEVEL = 0;
				GCC_PREPROCESSOR_DEFINITIONS = (
					"DEBUG=1",
					"$(inherited)",
				);
				GCC_WARN_64_TO_32_BIT_CONVERSION = YES;
				GCC_WARN_ABOUT_RETURN_TYPE = YES_ERROR;
				GCC_WARN_UNDECLARED_SELECTOR = YES;
				GCC_WARN_UNINITIALIZED_AUTOS = YES_AGGRESSIVE;
				GCC_WARN_UNUSED_FUNCTION = YES;
				GCC_WARN_UNUSED_VARIABLE = YES;
				IPHONEOS_DEPLOYMENT_TARGET = 16.2;
				MTL_ENABLE_DEBUG_INFO = INCLUDE_SOURCE;
				MTL_FAST_MATH = YES;
				ONLY_ACTIVE_ARCH = YES;
				SDKROOT = iphoneos;
				SWIFT_ACTIVE_COMPILATION_CONDITIONS = DEBUG;
				SWIFT_OPTIMIZATION_LEVEL = "-Onone";
			};
			name = Debug;
		};
		3A20B11229EFDBC900989B04 /* Release */ = {
			isa = XCBuildConfiguration;
			buildSettings = {
				ALWAYS_SEARCH_USER_PATHS = NO;
				CLANG_ANALYZER_NONNULL = YES;
				CLANG_ANALYZER_NUMBER_OBJECT_CONVERSION = YES_AGGRESSIVE;
				CLANG_CXX_LANGUAGE_STANDARD = "gnu++20";
				CLANG_ENABLE_MODULES = YES;
				CLANG_ENABLE_OBJC_ARC = YES;
				CLANG_ENABLE_OBJC_WEAK = YES;
				CLANG_WARN_BLOCK_CAPTURE_AUTORELEASING = YES;
				CLANG_WARN_BOOL_CONVERSION = YES;
				CLANG_WARN_COMMA = YES;
				CLANG_WARN_CONSTANT_CONVERSION = YES;
				CLANG_WARN_DEPRECATED_OBJC_IMPLEMENTATIONS = YES;
				CLANG_WARN_DIRECT_OBJC_ISA_USAGE = YES_ERROR;
				CLANG_WARN_DOCUMENTATION_COMMENTS = YES;
				CLANG_WARN_EMPTY_BODY = YES;
				CLANG_WARN_ENUM_CONVERSION = YES;
				CLANG_WARN_INFINITE_RECURSION = YES;
				CLANG_WARN_INT_CONVERSION = YES;
				CLANG_WARN_NON_LITERAL_NULL_CONVERSION = YES;
				CLANG_WARN_OBJC_IMPLICIT_RETAIN_SELF = YES;
				CLANG_WARN_OBJC_LITERAL_CONVERSION = YES;
				CLANG_WARN_OBJC_ROOT_CLASS = YES_ERROR;
				CLANG_WARN_QUOTED_INCLUDE_IN_FRAMEWORK_HEADER = YES;
				CLANG_WARN_RANGE_LOOP_ANALYSIS = YES;
				CLANG_WARN_STRICT_PROTOTYPES = YES;
				CLANG_WARN_SUSPICIOUS_MOVE = YES;
				CLANG_WARN_UNGUARDED_AVAILABILITY = YES_AGGRESSIVE;
				CLANG_WARN_UNREACHABLE_CODE = YES;
				CLANG_WARN__DUPLICATE_METHOD_MATCH = YES;
				COPY_PHASE_STRIP = NO;
				DEBUG_INFORMATION_FORMAT = "dwarf-with-dsym";
				ENABLE_NS_ASSERTIONS = NO;
				ENABLE_STRICT_OBJC_MSGSEND = YES;
				GCC_C_LANGUAGE_STANDARD = gnu11;
				GCC_NO_COMMON_BLOCKS = YES;
				GCC_WARN_64_TO_32_BIT_CONVERSION = YES;
				GCC_WARN_ABOUT_RETURN_TYPE = YES_ERROR;
				GCC_WARN_UNDECLARED_SELECTOR = YES;
				GCC_WARN_UNINITIALIZED_AUTOS = YES_AGGRESSIVE;
				GCC_WARN_UNUSED_FUNCTION = YES;
				GCC_WARN_UNUSED_VARIABLE = YES;
				IPHONEOS_DEPLOYMENT_TARGET = 16.2;
				MTL_ENABLE_DEBUG_INFO = NO;
				MTL_FAST_MATH = YES;
				SDKROOT = iphoneos;
				SWIFT_COMPILATION_MODE = wholemodule;
				SWIFT_OPTIMIZATION_LEVEL = "-O";
				VALIDATE_PRODUCT = YES;
			};
			name = Release;
		};
		3A20B11429EFDBC900989B04 /* Debug */ = {
			isa = XCBuildConfiguration;
			buildSettings = {
				ASSETCATALOG_COMPILER_APPICON_NAME = AppIcon;
				ASSETCATALOG_COMPILER_GLOBAL_ACCENT_COLOR_NAME = AccentColor;
				CODE_SIGN_STYLE = Automatic;
				CURRENT_PROJECT_VERSION = 1;
				DEVELOPMENT_TEAM = LU6H45PD84;
				GENERATE_INFOPLIST_FILE = YES;
				INFOPLIST_FILE = AvitoTechTestTask/Info.plist;
				INFOPLIST_KEY_UIApplicationSupportsIndirectInputEvents = YES;
				INFOPLIST_KEY_UILaunchStoryboardName = LaunchScreen;
				INFOPLIST_KEY_UISupportedInterfaceOrientations_iPad = "UIInterfaceOrientationPortrait UIInterfaceOrientationPortraitUpsideDown UIInterfaceOrientationLandscapeLeft UIInterfaceOrientationLandscapeRight";
				INFOPLIST_KEY_UISupportedInterfaceOrientations_iPhone = "UIInterfaceOrientationPortrait UIInterfaceOrientationLandscapeLeft UIInterfaceOrientationLandscapeRight";
				IPHONEOS_DEPLOYMENT_TARGET = 14.0;
				LD_RUNPATH_SEARCH_PATHS = (
					"$(inherited)",
					"@executable_path/Frameworks",
				);
				MARKETING_VERSION = 1.0;
				PRODUCT_BUNDLE_IDENTIFIER = Home.AvitoTechTestTask;
				PRODUCT_NAME = "$(TARGET_NAME)";
				SUPPORTED_PLATFORMS = "iphoneos iphonesimulator";
				SUPPORTS_MACCATALYST = NO;
				SUPPORTS_MAC_DESIGNED_FOR_IPHONE_IPAD = NO;
				SWIFT_EMIT_LOC_STRINGS = YES;
				SWIFT_VERSION = 5.0;
				TARGETED_DEVICE_FAMILY = "1,2";
			};
			name = Debug;
		};
		3A20B11529EFDBC900989B04 /* Release */ = {
			isa = XCBuildConfiguration;
			buildSettings = {
				ASSETCATALOG_COMPILER_APPICON_NAME = AppIcon;
				ASSETCATALOG_COMPILER_GLOBAL_ACCENT_COLOR_NAME = AccentColor;
				CODE_SIGN_STYLE = Automatic;
				CURRENT_PROJECT_VERSION = 1;
				DEVELOPMENT_TEAM = LU6H45PD84;
				GENERATE_INFOPLIST_FILE = YES;
				INFOPLIST_FILE = AvitoTechTestTask/Info.plist;
				INFOPLIST_KEY_UIApplicationSupportsIndirectInputEvents = YES;
				INFOPLIST_KEY_UILaunchStoryboardName = LaunchScreen;
				INFOPLIST_KEY_UISupportedInterfaceOrientations_iPad = "UIInterfaceOrientationPortrait UIInterfaceOrientationPortraitUpsideDown UIInterfaceOrientationLandscapeLeft UIInterfaceOrientationLandscapeRight";
				INFOPLIST_KEY_UISupportedInterfaceOrientations_iPhone = "UIInterfaceOrientationPortrait UIInterfaceOrientationLandscapeLeft UIInterfaceOrientationLandscapeRight";
				IPHONEOS_DEPLOYMENT_TARGET = 14.0;
				LD_RUNPATH_SEARCH_PATHS = (
					"$(inherited)",
					"@executable_path/Frameworks",
				);
				MARKETING_VERSION = 1.0;
				PRODUCT_BUNDLE_IDENTIFIER = Home.AvitoTechTestTask;
				PRODUCT_NAME = "$(TARGET_NAME)";
				SUPPORTED_PLATFORMS = "iphoneos iphonesimulator";
				SUPPORTS_MACCATALYST = NO;
				SUPPORTS_MAC_DESIGNED_FOR_IPHONE_IPAD = NO;
				SWIFT_EMIT_LOC_STRINGS = YES;
				SWIFT_VERSION = 5.0;
				TARGETED_DEVICE_FAMILY = "1,2";
			};
			name = Release;
		};
/* End XCBuildConfiguration section */

/* Begin XCConfigurationList section */
		3A20B0FA29EFDBC800989B04 /* Build configuration list for PBXProject "AvitoTechTestTask" */ = {
			isa = XCConfigurationList;
			buildConfigurations = (
				3A20B11129EFDBC900989B04 /* Debug */,
				3A20B11229EFDBC900989B04 /* Release */,
			);
			defaultConfigurationIsVisible = 0;
			defaultConfigurationName = Release;
		};
		3A20B11329EFDBC900989B04 /* Build configuration list for PBXNativeTarget "AvitoTechTestTask" */ = {
			isa = XCConfigurationList;
			buildConfigurations = (
				3A20B11429EFDBC900989B04 /* Debug */,
				3A20B11529EFDBC900989B04 /* Release */,
			);
			defaultConfigurationIsVisible = 0;
			defaultConfigurationName = Release;
		};
/* End XCConfigurationList section */
	};
	rootObject = 3A20B0F729EFDBC800989B04 /* Project object */;
}
